<?xml version="1.0" encoding="utf-8"?>
<Project ToolsVersion="4.0" xmlns="http://schemas.microsoft.com/developer/msbuild/2003">
  <ItemGroup>
    <Filter Include="Source Files">
      <UniqueIdentifier>{4FC737F1-C7A5-4376-A066-2A32D752A2FF}</UniqueIdentifier>
      <Extensions>cpp;cxx;c;def</Extensions>
    </Filter>
    <Filter Include="Header Files">
      <UniqueIdentifier>{93995380-89BD-4b04-88EB-625FBE52EBFB}</UniqueIdentifier>
      <Extensions>h</Extensions>
    </Filter>
    <Filter Include="Form Files">
      <UniqueIdentifier>{99349809-55BA-4b9d-BF79-8FDBB0286EB3}</UniqueIdentifier>
      <Extensions>ui</Extensions>
    </Filter>
    <Filter Include="Resource Files">
      <UniqueIdentifier>{D9D6E242-F8AF-46E4-B9FD-80ECBC20BA3E}</UniqueIdentifier>
      <Extensions>qrc;*</Extensions>
      <ParseFiles>false</ParseFiles>
    </Filter>
    <Filter Include="Generated Files">
      <UniqueIdentifier>{71ED8ED8-ACB9-4CE9-BBE1-E00B30144E11}</UniqueIdentifier>
      <Extensions>moc;h;cpp</Extensions>
      <SourceControlFiles>False</SourceControlFiles>
    </Filter>
    <Filter Include="Generated Files\Debug">
      <UniqueIdentifier>{df3c1819-64c8-468d-a6d9-7edf8fa1b2e4}</UniqueIdentifier>
      <Extensions>cpp;moc</Extensions>
      <SourceControlFiles>False</SourceControlFiles>
    </Filter>
    <Filter Include="Generated Files\Release">
      <UniqueIdentifier>{97d8da39-0e45-40cd-ab71-bf72fc234d1b}</UniqueIdentifier>
      <Extensions>cpp;moc</Extensions>
      <SourceControlFiles>False</SourceControlFiles>
    </Filter>
    <Filter Include="FrmConfig">
      <UniqueIdentifier>{45b876ea-594e-417f-878d-e53590b8c153}</UniqueIdentifier>
    </Filter>
    <Filter Include="FrmConfig\Source Files">
      <UniqueIdentifier>{357e2f55-dbf3-4994-be5d-62d2d42d6cfd}</UniqueIdentifier>
    </Filter>
    <Filter Include="FrmConfig\Header Files">
      <UniqueIdentifier>{710077af-4add-4689-881b-8d111313e361}</UniqueIdentifier>
    </Filter>
    <Filter Include="Alarm">
      <UniqueIdentifier>{1942b281-d387-40c3-a411-30a63b35baae}</UniqueIdentifier>
    </Filter>
    <Filter Include="Alarm\Resource Files">
      <UniqueIdentifier>{91f8c2eb-3c6e-4df5-a120-008b71d47439}</UniqueIdentifier>
    </Filter>
    <Filter Include="Alarm\Header Files">
      <UniqueIdentifier>{e73a9c55-c299-4411-835e-f277c0495821}</UniqueIdentifier>
    </Filter>
    <Filter Include="MessageCenter">
      <UniqueIdentifier>{b62dafa5-af09-40ef-b99d-b97c8a47c156}</UniqueIdentifier>
    </Filter>
    <Filter Include="MessageCenter\Source Files">
      <UniqueIdentifier>{36e116fd-6c10-4940-b76a-c92c100190e7}</UniqueIdentifier>
    </Filter>
    <Filter Include="MessageCenter\Header Files">
      <UniqueIdentifier>{6bc70753-5cd4-416b-a64a-6706c1e0bc9c}</UniqueIdentifier>
    </Filter>
    <Filter Include="ThirdPart">
      <UniqueIdentifier>{5cad33d4-136d-4ef9-bdb0-d92fb8833d8a}</UniqueIdentifier>
    </Filter>
    <Filter Include="ThirdPart\unview">
      <UniqueIdentifier>{13a0dfbe-2ff7-47c4-9a7e-55cf131241af}</UniqueIdentifier>
    </Filter>
    <Filter Include="ThirdPart\unview\Header Files">
      <UniqueIdentifier>{3b7588df-f45f-492b-985c-541f70081d26}</UniqueIdentifier>
    </Filter>
  </ItemGroup>
  <ItemGroup>
    <ClCompile Include="main.cpp">
      <Filter>Source Files</Filter>
    </ClCompile>
    <ClCompile Include="videoplatform.cpp">
      <Filter>Source Files</Filter>
    </ClCompile>
    <ClCompile Include="GeneratedFiles\Debug\moc_videoplatform.cpp">
      <Filter>Generated Files\Debug</Filter>
    </ClCompile>
    <ClCompile Include="GeneratedFiles\Release\moc_videoplatform.cpp">
      <Filter>Generated Files\Release</Filter>
    </ClCompile>
    <ClCompile Include="GeneratedFiles\qrc_videoplatform.cpp">
      <Filter>Generated Files</Filter>
    </ClCompile>
    <ClCompile Include="iconhelper.cpp">
      <Filter>Source Files</Filter>
    </ClCompile>
    <ClCompile Include="GeneratedFiles\Debug\moc_userTreeWidget.cpp">
      <Filter>Generated Files\Debug</Filter>
    </ClCompile>
    <ClCompile Include="GeneratedFiles\Release\moc_userTreeWidget.cpp">
      <Filter>Generated Files\Release</Filter>
    </ClCompile>
    <ClCompile Include="userTreeWidget.cpp">
      <Filter>Source Files</Filter>
    </ClCompile>
    <ClCompile Include="xmloperator.cpp">
      <Filter>Source Files</Filter>
    </ClCompile>
    <ClCompile Include="GeneratedFiles\Debug\moc_xmloperator.cpp">
      <Filter>Generated Files\Debug</Filter>
    </ClCompile>
    <ClCompile Include="GeneratedFiles\Release\moc_xmloperator.cpp">
      <Filter>Generated Files\Release</Filter>
    </ClCompile>
    <ClCompile Include="GeneratedFiles\Debug\moc_frmconfig.cpp">
      <Filter>Generated Files\Debug</Filter>
    </ClCompile>
    <ClCompile Include="GeneratedFiles\Release\moc_frmconfig.cpp">
      <Filter>Generated Files\Release</Filter>
    </ClCompile>
    <ClCompile Include="GeneratedFiles\Debug\moc_switchbutton.cpp">
      <Filter>Generated Files\Debug</Filter>
    </ClCompile>
    <ClCompile Include="GeneratedFiles\Release\moc_switchbutton.cpp">
      <Filter>Generated Files\Release</Filter>
    </ClCompile>
    <ClCompile Include="switchbutton.cpp">
      <Filter>Source Files</Filter>
    </ClCompile>
    <ClCompile Include="myapp.cpp">
      <Filter>Source Files</Filter>
    </ClCompile>
    <ClCompile Include="frmconfig.cpp">
      <Filter>FrmConfig\Source Files</Filter>
    </ClCompile>
    <ClCompile Include="alarm.cpp">
      <Filter>Alarm\Resource Files</Filter>
    </ClCompile>
    <ClCompile Include="CDASip.cpp">
      <Filter>MessageCenter\Source Files</Filter>
    </ClCompile>
    <ClCompile Include="GeneratedFiles\Debug\moc_sipthread.cpp">
      <Filter>Generated Files\Debug</Filter>
    </ClCompile>
    <ClCompile Include="GeneratedFiles\Release\moc_sipthread.cpp">
      <Filter>Generated Files\Release</Filter>
    </ClCompile>
    <ClCompile Include="sipthread.cpp">
      <Filter>MessageCenter\Source Files</Filter>
    </ClCompile>
    <ClCompile Include="xmlConfigOperator.cpp">
      <Filter>Source Files</Filter>
    </ClCompile>
    <ClCompile Include="GeneratedFiles\Debug\moc_xmlConfigOperator.cpp">
      <Filter>Generated Files\Debug</Filter>
    </ClCompile>
    <ClCompile Include="GeneratedFiles\Release\moc_xmlConfigOperator.cpp">
      <Filter>Generated Files\Release</Filter>
    </ClCompile>
    <ClCompile Include="GeneratedFiles\Debug\moc_alarm.cpp">
      <Filter>Generated Files\Debug</Filter>
    </ClCompile>
    <ClCompile Include="GeneratedFiles\Release\moc_alarm.cpp">
      <Filter>Generated Files\Release</Filter>
    </ClCompile>
  </ItemGroup>
  <ItemGroup>
    <CustomBuild Include="videoplatform.h">
      <Filter>Header Files</Filter>
    </CustomBuild>
    <CustomBuild Include="videoplatform.ui">
      <Filter>Form Files</Filter>
    </CustomBuild>
    <CustomBuild Include="videoplatform.qrc">
      <Filter>Resource Files</Filter>
    </CustomBuild>
    <CustomBuild Include="userTreeWidget.h">
      <Filter>Header Files</Filter>
    </CustomBuild>
    <CustomBuild Include="xmloperator.h">
      <Filter>Header Files</Filter>
    </CustomBuild>
    <CustomBuild Include="frmConfig.ui">
      <Filter>Form Files</Filter>
    </CustomBuild>
    <CustomBuild Include="switchbutton.h">
      <Filter>Header Files</Filter>
    </CustomBuild>
    <CustomBuild Include="frmconfig.h">
      <Filter>FrmConfig\Header Files</Filter>
    </CustomBuild>
    <CustomBuild Include="alarm.ui">
      <Filter>Form Files</Filter>
    </CustomBuild>
    <CustomBuild Include="sipthread.h">
      <Filter>MessageCenter\Header Files</Filter>
    </CustomBuild>
    <CustomBuild Include="xmlConfigOperator.h">
      <Filter>Header Files</Filter>
    </CustomBuild>
    <CustomBuild Include="alarm.h">
      <Filter>Alarm\Header Files</Filter>
    </CustomBuild>
  </ItemGroup>
  <ItemGroup>
    <ClInclude Include="GeneratedFiles\ui_videoplatform.h">
      <Filter>Generated Files</Filter>
    </ClInclude>
    <ClInclude Include="iconhelper.h">
      <Filter>Header Files</Filter>
    </ClInclude>
    <ClInclude Include="GeneratedFiles\ui_frmConfig.h">
      <Filter>Generated Files</Filter>
    </ClInclude>
    <ClInclude Include="myapp.h">
      <Filter>Header Files</Filter>
    </ClInclude>
    <ClInclude Include="GeneratedFiles\ui_alarm.h">
      <Filter>Generated Files</Filter>
    </ClInclude>
    <ClInclude Include="CDASip.h">
      <Filter>MessageCenter\Header Files</Filter>
    </ClInclude>
    <ClInclude Include="publicDef.h">
      <Filter>Header Files</Filter>
    </ClInclude>
    <ClInclude Include="uniview\include\NetDEVSDK.h">
      <Filter>ThirdPart\unview\Header Files</Filter>
    </ClInclude>
  </ItemGroup>
</Project>