
Microsoft Visual Studio Solution File, Format Version 11.00
# Visual Studio 2010
Project("{8BC9CEB8-8B4A-11D0-8D11-00A0C91BC942}") = "VideoPlatform", "VideoPlatform\VideoPlatform.vcxproj", "{538E3533-55C3-478A-BEC1-CBE650AD4E19}"
EndProject
Project("{8BC9CEB8-8B4A-11D0-8D11-00A0C91BC942}") = "VideoPlatformServer", "VideoPlatformServer\VideoPlatformServer.vcxproj", "{F56E7428-890A-488A-994B-67FB66C6424A}"
EndProject
Global
	GlobalSection(SolutionConfigurationPlatforms) = preSolution
		Debug|Win32 = Debug|Win32
		Release|Win32 = Release|Win32
	EndGlobalSection
	GlobalSection(ProjectConfigurationPlatforms) = postSolution
		{538E3533-55C3-478A-BEC1-CBE650AD4E19}.Debug|Win32.ActiveCfg = Debug|Win32
		{538E3533-55C3-478A-BEC1-CBE650AD4E19}.Debug|Win32.Build.0 = Debug|Win32
		{538E3533-55C3-478A-BEC1-CBE650AD4E19}.Release|Win32.ActiveCfg = Release|Win32
		{538E3533-55C3-478A-BEC1-CBE650AD4E19}.Release|Win32.Build.0 = Release|Win32
		{F56E7428-890A-488A-994B-67FB66C6424A}.Debug|Win32.ActiveCfg = Debug|Win32
		{F56E7428-890A-488A-994B-67FB66C6424A}.Debug|Win32.Build.0 = Debug|Win32
		{F56E7428-890A-488A-994B-67FB66C6424A}.Release|Win32.ActiveCfg = Release|Win32
		{F56E7428-890A-488A-994B-67FB66C6424A}.Release|Win32.Build.0 = Release|Win32
	EndGlobalSection
	GlobalSection(SolutionProperties) = preSolution
		HideSolutionNode = FALSE
	EndGlobalSection
EndGlobal
