<?xml version="1.0" encoding="utf-8"?>
<Project ToolsVersion="4.0" xmlns="http://schemas.microsoft.com/developer/msbuild/2003">
  <ItemGroup>
    <Filter Include="源文件">
      <UniqueIdentifier>{4FC737F1-C7A5-4376-A066-2A32D752A2FF}</UniqueIdentifier>
      <Extensions>cpp;c;cc;cxx;def;odl;idl;hpj;bat;asm;asmx</Extensions>
    </Filter>
    <Filter Include="头文件">
      <UniqueIdentifier>{93995380-89BD-4b04-88EB-625FBE52EBFB}</UniqueIdentifier>
      <Extensions>h;hpp;hxx;hm;inl;inc;xsd</Extensions>
    </Filter>
    <Filter Include="资源文件">
      <UniqueIdentifier>{67DA6AB6-F800-4c08-8B7A-83BB121AAD01}</UniqueIdentifier>
      <Extensions>rc;ico;cur;bmp;dlg;rc2;rct;bin;rgs;gif;jpg;jpeg;jpe;resx;tiff;tif;png;wav;mfcribbon-ms</Extensions>
    </Filter>
    <Filter Include="MessageCenter">
      <UniqueIdentifier>{32bb9385-cc2f-41c8-872b-a76d3b19835c}</UniqueIdentifier>
    </Filter>
    <Filter Include="MessageCenter\Source Files">
      <UniqueIdentifier>{1e3e562a-2fa1-42dd-8941-20b560cb1a5a}</UniqueIdentifier>
    </Filter>
    <Filter Include="MessageCenter\Header Files">
      <UniqueIdentifier>{62139f3d-38f0-440a-9051-5c79963b4e43}</UniqueIdentifier>
    </Filter>
    <Filter Include="CM">
      <UniqueIdentifier>{3d20ab8f-550c-42d2-ac7d-5d5a037aa14a}</UniqueIdentifier>
    </Filter>
    <Filter Include="CM\源文件">
      <UniqueIdentifier>{47b46a12-da05-4b74-8e3a-429a6eabaef5}</UniqueIdentifier>
    </Filter>
    <Filter Include="CM\头文件">
      <UniqueIdentifier>{2cfcdd8c-e457-4641-9695-6f5b96cd7ec1}</UniqueIdentifier>
    </Filter>
    <Filter Include="SM">
      <UniqueIdentifier>{a1893541-209d-4e05-8c7f-b940b1443695}</UniqueIdentifier>
    </Filter>
    <Filter Include="SM\thirdpart">
      <UniqueIdentifier>{a63bd79f-5b08-4c1e-a8a4-a7cc97f04be7}</UniqueIdentifier>
    </Filter>
    <Filter Include="SM\thirdpart\HIK">
      <UniqueIdentifier>{b9f6d164-844c-4cb6-bb27-fd990d07c161}</UniqueIdentifier>
    </Filter>
    <Filter Include="SM\thirdpart\Uniview">
      <UniqueIdentifier>{e1ba0dea-3364-40c5-a1ef-8b08da8af8c2}</UniqueIdentifier>
    </Filter>
    <Filter Include="SM\thirdpart\Dahua">
      <UniqueIdentifier>{71d632e9-ebbd-4eb1-924a-9618e716a38b}</UniqueIdentifier>
    </Filter>
  </ItemGroup>
  <ItemGroup>
    <ClCompile Include="VideoServermain.cpp">
      <Filter>源文件</Filter>
    </ClCompile>
    <ClCompile Include="CDADeviceManager.cpp">
      <Filter>源文件</Filter>
    </ClCompile>
    <ClCompile Include="CDADeviceFactory.cpp">
      <Filter>源文件</Filter>
    </ClCompile>
    <ClCompile Include="server.cpp">
      <Filter>源文件</Filter>
    </ClCompile>
    <ClCompile Include="CDASip.cpp">
      <Filter>MessageCenter\Source Files</Filter>
    </ClCompile>
    <ClCompile Include="CM\Source Files\CmModule.cpp">
      <Filter>CM\源文件</Filter>
    </ClCompile>
    <ClCompile Include="CMessageCenter.cpp">
      <Filter>MessageCenter\Source Files</Filter>
    </ClCompile>
    <ClCompile Include="thirdpart\dahua\CDADahuaDevice.cpp">
      <Filter>SM\thirdpart\Dahua</Filter>
    </ClCompile>
    <ClCompile Include="thirdpart\hik\CDAHikDevice.cpp">
      <Filter>SM\thirdpart\HIK</Filter>
    </ClCompile>
    <ClCompile Include="thirdpart\uniview\CDAUniviewDevice.cpp">
      <Filter>SM\thirdpart\Uniview</Filter>
    </ClCompile>
    <ClCompile Include="thirdpart\uniview\CDAUnivewChannel.cpp">
      <Filter>SM\thirdpart\Uniview</Filter>
    </ClCompile>
    <ClCompile Include="thirdpart\dahua\CDADahuaChannel.cpp">
      <Filter>SM\thirdpart\Dahua</Filter>
    </ClCompile>
    <ClCompile Include="thirdpart\hik\CDAHikChannel.cpp">
      <Filter>SM\thirdpart\HIK</Filter>
    </ClCompile>
  </ItemGroup>
  <ItemGroup>
    <ClInclude Include="CDADeviceManager.h">
      <Filter>头文件</Filter>
    </ClInclude>
    <ClInclude Include="CDADeviceFactory.h">
      <Filter>头文件</Filter>
    </ClInclude>
    <ClInclude Include="publicDef.h">
      <Filter>头文件</Filter>
    </ClInclude>
    <ClInclude Include="server.h">
      <Filter>头文件</Filter>
    </ClInclude>
    <ClInclude Include="CDASip.h">
      <Filter>MessageCenter\Header Files</Filter>
    </ClInclude>
    <ClInclude Include="CM\Header Files\CmModule.h">
      <Filter>CM\头文件</Filter>
    </ClInclude>
    <ClInclude Include="CMessageCenter.h">
      <Filter>MessageCenter\Header Files</Filter>
    </ClInclude>
    <ClInclude Include="thirdpart\dahua\CDADahuaDevice.h">
      <Filter>SM\thirdpart\Dahua</Filter>
    </ClInclude>
    <ClInclude Include="thirdpart\hik\CDAHikDevice.h">
      <Filter>SM\thirdpart\HIK</Filter>
    </ClInclude>
    <ClInclude Include="thirdpart\uniview\CDAUniviewDevice.h">
      <Filter>SM\thirdpart\Uniview</Filter>
    </ClInclude>
    <ClInclude Include="CDADeviceInterface.h">
      <Filter>头文件</Filter>
    </ClInclude>
    <ClInclude Include="thirdpart\uniview\CDAUniviewChannel.h">
      <Filter>SM\thirdpart\Uniview</Filter>
    </ClInclude>
    <ClInclude Include="thirdpart\dahua\CDADahuaChannel.h">
      <Filter>SM\thirdpart\Dahua</Filter>
    </ClInclude>
    <ClInclude Include="thirdpart\hik\CDAHikChannel.h">
      <Filter>SM\thirdpart\HIK</Filter>
    </ClInclude>
  </ItemGroup>
  <ItemGroup>
    <None Include="ClassDiagram1.cd" />
  </ItemGroup>
</Project>